// !$*UTF8*$!
{
	archiveVersion = 1;
	classes = {
	};
	objectVersion = 48;
	objects = {

/* Begin PBXBuildFile section */
		4632D2361FD74B0F0053A5A2 /* CategoryCellTableViewCell.swift in Sources */ = {isa = PBXBuildFile; fileRef = 4632D2351FD74B0F0053A5A2 /* CategoryCellTableViewCell.swift */; };
		467C67D01F8F708800B72291 /* AppDelegate.swift in Sources */ = {isa = PBXBuildFile; fileRef = 467C67CF1F8F708800B72291 /* AppDelegate.swift */; };
		467C67D21F8F708800B72291 /* CategoriesVC.swift in Sources */ = {isa = PBXBuildFile; fileRef = 467C67D11F8F708800B72291 /* CategoriesVC.swift */; };
		467C67D51F8F708800B72291 /* Main.storyboard in Resources */ = {isa = PBXBuildFile; fileRef = 467C67D31F8F708800B72291 /* Main.storyboard */; };
		467C67D71F8F708800B72291 /* Assets.xcassets in Resources */ = {isa = PBXBuildFile; fileRef = 467C67D61F8F708800B72291 /* Assets.xcassets */; };
		467C67DA1F8F708800B72291 /* LaunchScreen.storyboard in Resources */ = {isa = PBXBuildFile; fileRef = 467C67D81F8F708800B72291 /* LaunchScreen.storyboard */; };
/* End PBXBuildFile section */

/* Begin PBXFileReference section */
		4632D2351FD74B0F0053A5A2 /* CategoryCellTableViewCell.swift */ = {isa = PBXFileReference; lastKnownFileType = sourcecode.swift; path = CategoryCellTableViewCell.swift; sourceTree = "<group>"; };
		467C67CC1F8F708800B72291 /* t-shopping.app */ = {isa = PBXFileReference; explicitFileType = wrapper.application; includeInIndex = 0; path = "t-shopping.app"; sourceTree = BUILT_PRODUCTS_DIR; };
		467C67CF1F8F708800B72291 /* AppDelegate.swift */ = {isa = PBXFileReference; lastKnownFileType = sourcecode.swift; path = AppDelegate.swift; sourceTree = "<group>"; };
		467C67D11F8F708800B72291 /* CategoriesVC.swift */ = {isa = PBXFileReference; lastKnownFileType = sourcecode.swift; path = CategoriesVC.swift; sourceTree = "<group>"; };
		467C67D41F8F708800B72291 /* Base */ = {isa = PBXFileReference; lastKnownFileType = file.storyboard; name = Base; path = Base.lproj/Main.storyboard; sourceTree = "<group>"; };
		467C67D61F8F708800B72291 /* Assets.xcassets */ = {isa = PBXFileReference; lastKnownFileType = folder.assetcatalog; path = Assets.xcassets; sourceTree = "<group>"; };
		467C67D91F8F708800B72291 /* Base */ = {isa = PBXFileReference; lastKnownFileType = file.storyboard; name = Base; path = Base.lproj/LaunchScreen.storyboard; sourceTree = "<group>"; };
		467C67DB1F8F708800B72291 /* Info.plist */ = {isa = PBXFileReference; lastKnownFileType = text.plist.xml; path = Info.plist; sourceTree = "<group>"; };
/* End PBXFileReference section */

/* Begin PBXFrameworksBuildPhase section */
		467C67C91F8F708800B72291 /* Frameworks */ = {
			isa = PBXFrameworksBuildPhase;
			buildActionMask = 2147483647;
			files = (
			);
			runOnlyForDeploymentPostprocessing = 0;
		};
/* End PBXFrameworksBuildPhase section */

/* Begin PBXGroup section */
		4632D2321FD74ABD0053A5A2 /* Model */ = {
			isa = PBXGroup;
			children = (
			);
			path = Model;
			sourceTree = "<group>";
		};
		4632D2331FD74AC20053A5A2 /* Controller */ = {
			isa = PBXGroup;
			children = (
				467C67D11F8F708800B72291 /* CategoriesVC.swift */,
			);
			path = Controller;
			sourceTree = "<group>";
		};
		4632D2341FD74AC90053A5A2 /* View */ = {
			isa = PBXGroup;
			children = (
				4632D2351FD74B0F0053A5A2 /* CategoryCellTableViewCell.swift */,
			);
			path = View;
			sourceTree = "<group>";
		};
		467C67C31F8F708800B72291 = {
			isa = PBXGroup;
			children = (
				467C67CE1F8F708800B72291 /* t-shopping */,
				467C67CD1F8F708800B72291 /* Products */,
			);
			sourceTree = "<group>";
		};
		467C67CD1F8F708800B72291 /* Products */ = {
			isa = PBXGroup;
			children = (
				467C67CC1F8F708800B72291 /* t-shopping.app */,
			);
			name = Products;
			sourceTree = "<group>";
		};
		467C67CE1F8F708800B72291 /* t-shopping */ = {
			isa = PBXGroup;
			children = (
				4632D2321FD74ABD0053A5A2 /* Model */,
				4632D2341FD74AC90053A5A2 /* View */,
				4632D2331FD74AC20053A5A2 /* Controller */,
				467C67CF1F8F708800B72291 /* AppDelegate.swift */,
				467C67D31F8F708800B72291 /* Main.storyboard */,
				467C67D61F8F708800B72291 /* Assets.xcassets */,
				467C67D81F8F708800B72291 /* LaunchScreen.storyboard */,
				467C67DB1F8F708800B72291 /* Info.plist */,
			);
			path = "t-shopping";
			sourceTree = "<group>";
		};
/* End PBXGroup section */

/* Begin PBXNativeTarget section */
		467C67CB1F8F708800B72291 /* t-shopping */ = {
			isa = PBXNativeTarget;
			buildConfigurationList = 467C67DE1F8F708800B72291 /* Build configuration list for PBXNativeTarget "t-shopping" */;
			buildPhases = (
				467C67C81F8F708800B72291 /* Sources */,
				467C67C91F8F708800B72291 /* Frameworks */,
				467C67CA1F8F708800B72291 /* Resources */,
			);
			buildRules = (
			);
			dependencies = (
			);
			name = "t-shopping";
			productName = "t-shopping";
			productReference = 467C67CC1F8F708800B72291 /* t-shopping.app */;
			productType = "com.apple.product-type.application";
		};
/* End PBXNativeTarget section */

/* Begin PBXProject section */
		467C67C41F8F708800B72291 /* Project object */ = {
			isa = PBXProject;
			attributes = {
				LastSwiftUpdateCheck = 0900;
				LastUpgradeCheck = 0900;
				ORGANIZATIONNAME = "Giorgi Ghughunishvili";
				TargetAttributes = {
					467C67CB1F8F708800B72291 = {
						CreatedOnToolsVersion = 9.0;
						ProvisioningStyle = Automatic;
					};
				};
			};
			buildConfigurationList = 467C67C71F8F708800B72291 /* Build configuration list for PBXProject "t-shopping" */;
			compatibilityVersion = "Xcode 8.0";
			developmentRegion = en;
			hasScannedForEncodings = 0;
			knownRegions = (
				en,
				Base,
			);
			mainGroup = 467C67C31F8F708800B72291;
			productRefGroup = 467C67CD1F8F708800B72291 /* Products */;
			projectDirPath = "";
			projectRoot = "";
			targets = (
				467C67CB1F8F708800B72291 /* t-shopping */,
			);
		};
/* End PBXProject section */

/* Begin PBXResourcesBuildPhase section */
		467C67CA1F8F708800B72291 /* Resources */ = {
			isa = PBXResourcesBuildPhase;
			buildActionMask = 2147483647;
			files = (
				467C67DA1F8F708800B72291 /* LaunchScreen.storyboard in Resources */,
				467C67D71F8F708800B72291 /* Assets.xcassets in Resources */,
				467C67D51F8F708800B72291 /* Main.storyboard in Resources */,
			);
			runOnlyForDeploymentPostprocessing = 0;
		};
/* End PBXResourcesBuildPhase section */

/* Begin PBXSourcesBuildPhase section */
		467C67C81F8F708800B72291 /* Sources */ = {
			isa = PBXSourcesBuildPhase;
			buildActionMask = 2147483647;
			files = (
				467C67D21F8F708800B72291 /* CategoriesVC.swift in Sources */,
				4632D2361FD74B0F0053A5A2 /* CategoryCellTableViewCell.swift in Sources */,
				467C67D01F8F708800B72291 /* AppDelegate.swift in Sources */,
			);
			runOnlyForDeploymentPostprocessing = 0;
		};
/* End PBXSourcesBuildPhase section */

/* Begin PBXVariantGroup section */
		467C67D31F8F708800B72291 /* Main.storyboard */ = {
			isa = PBXVariantGroup;
			children = (
				467C67D41F8F708800B72291 /* Base */,
			);
			name = Main.storyboard;
			sourceTree = "<group>";
		};
		467C67D81F8F708800B72291 /* LaunchScreen.storyboard */ = {
			isa = PBXVariantGroup;
			children = (
				467C67D91F8F708800B72291 /* Base */,
			);
			name = LaunchScreen.storyboard;
			sourceTree = "<group>";
		};
/* End PBXVariantGroup section */

/* Begin XCBuildConfiguration section */
		467C67DC1F8F708800B72291 /* Debug */ = {
			isa = XCBuildConfiguration;
			buildSettings = {
				ALWAYS_SEARCH_USER_PATHS = NO;
				CLANG_ANALYZER_NONNULL = YES;
				CLANG_ANALYZER_NUMBER_OBJECT_CONVERSION = YES_AGGRESSIVE;
				CLANG_CXX_LANGUAGE_STANDARD = "gnu++14";
				CLANG_CXX_LIBRARY = "libc++";
				CLANG_ENABLE_MODULES = YES;
				CLANG_ENABLE_OBJC_ARC = YES;
				CLANG_WARN_BLOCK_CAPTURE_AUTORELEASING = YES;
				CLANG_WARN_BOOL_CONVERSION = YES;
				CLANG_WARN_COMMA = YES;
				CLANG_WARN_CONSTANT_CONVERSION = YES;
				CLANG_WARN_DIRECT_OBJC_ISA_USAGE = YES_ERROR;
				CLANG_WARN_DOCUMENTATION_COMMENTS = YES;
				CLANG_WARN_EMPTY_BODY = YES;
				CLANG_WARN_ENUM_CONVERSION = YES;
				CLANG_WARN_INFINITE_RECURSION = YES;
				CLANG_WARN_INT_CONVERSION = YES;
				CLANG_WARN_NON_LITERAL_NULL_CONVERSION = YES;
				CLANG_WARN_OBJC_LITERAL_CONVERSION = YES;
				CLANG_WARN_OBJC_ROOT_CLASS = YES_ERROR;
				CLANG_WARN_RANGE_LOOP_ANALYSIS = YES;
				CLANG_WARN_STRICT_PROTOTYPES = YES;
				CLANG_WARN_SUSPICIOUS_MOVE = YES;
				CLANG_WARN_UNGUARDED_AVAILABILITY = YES_AGGRESSIVE;
				CLANG_WARN_UNREACHABLE_CODE = YES;
				CLANG_WARN__DUPLICATE_METHOD_MATCH = YES;
				CODE_SIGN_IDENTITY = "iPhone Developer";
				COPY_PHASE_STRIP = NO;
				DEBUG_INFORMATION_FORMAT = dwarf;
				ENABLE_STRICT_OBJC_MSGSEND = YES;
				ENABLE_TESTABILITY = YES;
				GCC_C_LANGUAGE_STANDARD = gnu11;
				GCC_DYNAMIC_NO_PIC = NO;
				GCC_NO_COMMON_BLOCKS = YES;
				GCC_OPTIMIZATION_LEVEL = 0;
				GCC_PREPROCESSOR_DEFINITIONS = (
					"DEBUG=1",
					"$(inherited)",
				);
				GCC_WARN_64_TO_32_BIT_CONVERSION = YES;
				GCC_WARN_ABOUT_RETURN_TYPE = YES_ERROR;
				GCC_WARN_UNDECLARED_SELECTOR = YES;
				GCC_WARN_UNINITIALIZED_AUTOS = YES_AGGRESSIVE;
				GCC_WARN_UNUSED_FUNCTION = YES;
				GCC_WARN_UNUSED_VARIABLE = YES;
				IPHONEOS_DEPLOYMENT_TARGET = 11.0;
				MTL_ENABLE_DEBUG_INFO = YES;
				ONLY_ACTIVE_ARCH = YES;
				SDKROOT = iphoneos;
				SWIFT_ACTIVE_COMPILATION_CONDITIONS = DEBUG;
				SWIFT_OPTIMIZATION_LEVEL = "-Onone";
			};
			name = Debug;
		};
		467C67DD1F8F708800B72291 /* Release */ = {
			isa = XCBuildConfiguration;
			buildSettings = {
				ALWAYS_SEARCH_USER_PATHS = NO;
				CLANG_ANALYZER_NONNULL = YES;
				CLANG_ANALYZER_NUMBER_OBJECT_CONVERSION = YES_AGGRESSIVE;
				CLANG_CXX_LANGUAGE_STANDARD = "gnu++14";
				CLANG_CXX_LIBRARY = "libc++";
				CLANG_ENABLE_MODULES = YES;
				CLANG_ENABLE_OBJC_ARC = YES;
				CLANG_WARN_BLOCK_CAPTURE_AUTORELEASING = YES;
				CLANG_WARN_BOOL_CONVERSION = YES;
				CLANG_WARN_COMMA = YES;
				CLANG_WARN_CONSTANT_CONVERSION = YES;
				CLANG_WARN_DIRECT_OBJC_ISA_USAGE = YES_ERROR;
				CLANG_WARN_DOCUMENTATION_COMMENTS = YES;
				CLANG_WARN_EMPTY_BODY = YES;
				CLANG_WARN_ENUM_CONVERSION = YES;
				CLANG_WARN_INFINITE_RECURSION = YES;
				CLANG_WARN_INT_CONVERSION = YES;
				CLANG_WARN_NON_LITERAL_NULL_CONVERSION = YES;
				CLANG_WARN_OBJC_LITERAL_CONVERSION = YES;
				CLANG_WARN_OBJC_ROOT_CLASS = YES_ERROR;
				CLANG_WARN_RANGE_LOOP_ANALYSIS = YES;
				CLANG_WARN_STRICT_PROTOTYPES = YES;
				CLANG_WARN_SUSPICIOUS_MOVE = YES;
				CLANG_WARN_UNGUARDED_AVAILABILITY = YES_AGGRESSIVE;
				CLANG_WARN_UNREACHABLE_CODE = YES;
				CLANG_WARN__DUPLICATE_METHOD_MATCH = YES;
				CODE_SIGN_IDENTITY = "iPhone Developer";
				COPY_PHASE_STRIP = NO;
				DEBUG_INFORMATION_FORMAT = "dwarf-with-dsym";
				ENABLE_NS_ASSERTIONS = NO;
				ENABLE_STRICT_OBJC_MSGSEND = YES;
				GCC_C_LANGUAGE_STANDARD = gnu11;
				GCC_NO_COMMON_BLOCKS = YES;
				GCC_WARN_64_TO_32_BIT_CONVERSION = YES;
				GCC_WARN_ABOUT_RETURN_TYPE = YES_ERROR;
				GCC_WARN_UNDECLARED_SELECTOR = YES;
				GCC_WARN_UNINITIALIZED_AUTOS = YES_AGGRESSIVE;
				GCC_WARN_UNUSED_FUNCTION = YES;
				GCC_WARN_UNUSED_VARIABLE = YES;
				IPHONEOS_DEPLOYMENT_TARGET = 11.0;
				MTL_ENABLE_DEBUG_INFO = NO;
				SDKROOT = iphoneos;
				SWIFT_OPTIMIZATION_LEVEL = "-Owholemodule";
				VALIDATE_PRODUCT = YES;
			};
			name = Release;
		};
		467C67DF1F8F708800B72291 /* Debug */ = {
			isa = XCBuildConfiguration;
			buildSettings = {
				ASSETCATALOG_COMPILER_APPICON_NAME = AppIcon;
				CODE_SIGN_STYLE = Automatic;
				DEVELOPMENT_TEAM = T5GD9C4K72;
				INFOPLIST_FILE = "t-shopping/Info.plist";
				LD_RUNPATH_SEARCH_PATHS = "$(inherited) @executable_path/Frameworks";
				PRODUCT_BUNDLE_IDENTIFIER = "com.gghughunishvili.t-shopping";
				PRODUCT_NAME = "$(TARGET_NAME)";
				SWIFT_VERSION = 4.0;
				TARGETED_DEVICE_FAMILY = "1,2";
			};
			name = Debug;
		};
		467C67E01F8F708800B72291 /* Release */ = {
			isa = XCBuildConfiguration;
			buildSettings = {
				ASSETCATALOG_COMPILER_APPICON_NAME = AppIcon;
				CODE_SIGN_STYLE = Automatic;
				DEVELOPMENT_TEAM = T5GD9C4K72;
				INFOPLIST_FILE = "t-shopping/Info.plist";
				LD_RUNPATH_SEARCH_PATHS = "$(inherited) @executable_path/Frameworks";
				PRODUCT_BUNDLE_IDENTIFIER = "com.gghughunishvili.t-shopping";
				PRODUCT_NAME = "$(TARGET_NAME)";
				SWIFT_VERSION = 4.0;
				TARGETED_DEVICE_FAMILY = "1,2";
			};
			name = Release;
		};
/* End XCBuildConfiguration section */

/* Begin XCConfigurationList section */
		467C67C71F8F708800B72291 /* Build configuration list for PBXProject "t-shopping" */ = {
			isa = XCConfigurationList;
			buildConfigurations = (
				467C67DC1F8F708800B72291 /* Debug */,
				467C67DD1F8F708800B72291 /* Release */,
			);
			defaultConfigurationIsVisible = 0;
			defaultConfigurationName = Release;
		};
		467C67DE1F8F708800B72291 /* Build configuration list for PBXNativeTarget "t-shopping" */ = {
			isa = XCConfigurationList;
			buildConfigurations = (
				467C67DF1F8F708800B72291 /* Debug */,
				467C67E01F8F708800B72291 /* Release */,
			);
			defaultConfigurationIsVisible = 0;
			defaultConfigurationName = Release;
		};
/* End XCConfigurationList section */
	};
	rootObject = 467C67C41F8F708800B72291 /* Project object */;
}
